
Microsoft Visual Studio Solution File, Format Version 12.00
# Visual Studio Version 17
VisualStudioVersion = 17.7.34202.233
MinimumVisualStudioVersion = 10.0.40219.1
Project("{9A19103F-16F7-4668-BE54-9A1E7A4F7556}") = "LiteDBApp", "LiteDBApp.csproj", "{E949E7DB-6AF7-4A4D-ADA6-B67D0E386EFA}"
EndProject
Global
	GlobalSection(SolutionConfigurationPlatforms) = preSolution
		Debug|Any CPU = Debug|Any CPU
		Release|Any CPU = Release|Any CPU
	EndGlobalSection
	GlobalSection(ProjectConfigurationPlatforms) = postSolution
		{E949E7DB-6AF7-4A4D-ADA6-B67D0E386EFA}.Debug|Any CPU.ActiveCfg = Debug|Any CPU
		{E949E7DB-6AF7-4A4D-ADA6-B67D0E386EFA}.Debug|Any CPU.Build.0 = Debug|Any CPU
		{E949E7DB-6AF7-4A4D-ADA6-B67D0E386EFA}.Release|Any CPU.ActiveCfg = Release|Any CPU
		{E949E7DB-6AF7-4A4D-ADA6-B67D0E386EFA}.Release|Any CPU.Build.0 = Release|Any CPU
	EndGlobalSection
	GlobalSection(SolutionProperties) = preSolution
		HideSolutionNode = FALSE
	EndGlobalSection
	GlobalSection(ExtensibilityGlobals) = postSolution
		SolutionGuid = {D6990AAC-8ACA-427F-98CA-A0E4026C8F7B}
	EndGlobalSection
EndGlobal
